
Microsoft Visual Studio Solution File, Format Version 12.00
# Visual Studio 2013
VisualStudioVersion = 12.0.31101.0
MinimumVisualStudioVersion = 10.0.40219.1
Project("{FAE04EC0-301F-11D3-BF4B-00C04F79EFBC}") = "OpenScoreboard", "OpenScoreboard.csproj", "{EB8FCEBE-2E39-4940-A610-D55DE55EB7EA}"
EndProject
Global
	GlobalSection(SolutionConfigurationPlatforms) = preSolution
		Debug|Any CPU = Debug|Any CPU
		Release|Any CPU = Release|Any CPU
	EndGlobalSection
	GlobalSection(ProjectConfigurationPlatforms) = postSolution
		{EB8FCEBE-2E39-4940-A610-D55DE55EB7EA}.Debug|Any CPU.ActiveCfg = Debug|Any CPU
		{EB8FCEBE-2E39-4940-A610-D55DE55EB7EA}.Debug|Any CPU.Build.0 = Debug|Any CPU
		{EB8FCEBE-2E39-4940-A610-D55DE55EB7EA}.Release|Any CPU.ActiveCfg = Release|Any CPU
		{EB8FCEBE-2E39-4940-A610-D55DE55EB7EA}.Release|Any CPU.Build.0 = Release|Any CPU
	EndGlobalSection
	GlobalSection(SolutionProperties) = preSolution
		HideSolutionNode = FALSE
	EndGlobalSection
EndGlobal
